
Microsoft Visual Studio Solution File, Format Version 12.00
# Visual Studio Version 17
VisualStudioVersion = 17.4.33103.184
MinimumVisualStudioVersion = 10.0.40219.1
Project("{FAE04EC0-301F-11D3-BF4B-00C04F79EFBC}") = "Cornifer", "Cornifer.csproj", "{00894AC1-E240-45A5-A9F9-A8A6E61EFC7D}"
EndProject
Global
	GlobalSection(SolutionConfigurationPlatforms) = preSolution
		Debug|Any CPU = Debug|Any CPU
		Release|Any CPU = Release|Any CPU
	EndGlobalSection
	GlobalSection(ProjectConfigurationPlatforms) = postSolution
		{00894AC1-E240-45A5-A9F9-A8A6E61EFC7D}.Debug|Any CPU.ActiveCfg = Debug|Any CPU
		{00894AC1-E240-45A5-A9F9-A8A6E61EFC7D}.Debug|Any CPU.Build.0 = Debug|Any CPU
		{00894AC1-E240-45A5-A9F9-A8A6E61EFC7D}.Release|Any CPU.ActiveCfg = Release|Any CPU
		{00894AC1-E240-45A5-A9F9-A8A6E61EFC7D}.Release|Any CPU.Build.0 = Release|Any CPU
	EndGlobalSection
	GlobalSection(SolutionProperties) = preSolution
		HideSolutionNode = FALSE
	EndGlobalSection
	GlobalSection(ExtensibilityGlobals) = postSolution
		SolutionGuid = {3CE1C804-AB40-429D-AACD-11DED314492F}
	EndGlobalSection
EndGlobal
